
Microsoft Visual Studio Solution File, Format Version 12.00
# Visual Studio 15
VisualStudioVersion = 15.0.28307.645
MinimumVisualStudioVersion = 10.0.40219.1
Project("{FAE04EC0-301F-11D3-BF4B-00C04F79EFBC}") = "DirectCommunication", "DirectCommunication\DirectCommunication.csproj", "{2B0C0866-1F8C-47B0-A105-13005BCD0053}"
EndProject
Global
	GlobalSection(SolutionConfigurationPlatforms) = preSolution
		Debug|Any CPU = Debug|Any CPU
		Release|Any CPU = Release|Any CPU
	EndGlobalSection
	GlobalSection(ProjectConfigurationPlatforms) = postSolution
		{2B0C0866-1F8C-47B0-A105-13005BCD0053}.Debug|Any CPU.ActiveCfg = Debug|Any CPU
		{2B0C0866-1F8C-47B0-A105-13005BCD0053}.Debug|Any CPU.Build.0 = Debug|Any CPU
		{2B0C0866-1F8C-47B0-A105-13005BCD0053}.Release|Any CPU.ActiveCfg = Release|Any CPU
		{2B0C0866-1F8C-47B0-A105-13005BCD0053}.Release|Any CPU.Build.0 = Release|Any CPU
	EndGlobalSection
	GlobalSection(SolutionProperties) = preSolution
		HideSolutionNode = FALSE
	EndGlobalSection
	GlobalSection(ExtensibilityGlobals) = postSolution
		SolutionGuid = {D3AB67CA-77DC-4639-9CE6-DAE775FCD491}
	EndGlobalSection
EndGlobal
